
Microsoft Visual Studio Solution File, Format Version 12.00
# Visual Studio Version 17
VisualStudioVersion = 17.9.34607.119
MinimumVisualStudioVersion = 10.0.40219.1
Project("{9A19103F-16F7-4668-BE54-9A1E7A4F7556}") = "MeleagantDependencyScan", "MeleagantDependencyScan\MeleagantDependencyScan.csproj", "{1E3F53F0-A74E-4298-ADDF-0F2B43DAC166}"
EndProject
Global
	GlobalSection(SolutionConfigurationPlatforms) = preSolution
		Debug|Any CPU = Debug|Any CPU
		Release|Any CPU = Release|Any CPU
	EndGlobalSection
	GlobalSection(ProjectConfigurationPlatforms) = postSolution
		{1E3F53F0-A74E-4298-ADDF-0F2B43DAC166}.Debug|Any CPU.ActiveCfg = Debug|Any CPU
		{1E3F53F0-A74E-4298-ADDF-0F2B43DAC166}.Debug|Any CPU.Build.0 = Debug|Any CPU
		{1E3F53F0-A74E-4298-ADDF-0F2B43DAC166}.Release|Any CPU.ActiveCfg = Release|Any CPU
		{1E3F53F0-A74E-4298-ADDF-0F2B43DAC166}.Release|Any CPU.Build.0 = Release|Any CPU
	EndGlobalSection
	GlobalSection(SolutionProperties) = preSolution
		HideSolutionNode = FALSE
	EndGlobalSection
	GlobalSection(ExtensibilityGlobals) = postSolution
		SolutionGuid = {E3A385E1-CB17-484B-B1BF-F628D72168AF}
	EndGlobalSection
EndGlobal
