
Microsoft Visual Studio Solution File, Format Version 12.00
# Visual Studio Version 17
VisualStudioVersion = 17.9.34607.119
MinimumVisualStudioVersion = 10.0.40219.1
Project("{9A19103F-16F7-4668-BE54-9A1E7A4F7556}") = "MeleagantDependencyScan", "MeleagantDependencyScan\MeleagantDependencyScan.csproj", "{1E3F53F0-A74E-4298-ADDF-0F2B43DAC166}"
EndProject
Project("{2150E333-8FDC-42A3-9474-1A3956D46DE8}") = "Tests", "Tests", "{650405B5-C790-4D0A-ADB9-1022149BA2E6}"
EndProject
Project("{FAE04EC0-301F-11D3-BF4B-00C04F79EFBC}") = "MeleagantDependencyScan.UnitTest", "MeleagantDependencyScan.UnitTest\MeleagantDependencyScan.UnitTest.csproj", "{BF3FAAE2-0ECF-411C-8D2B-AAD2DE36CF8C}"
EndProject
Global
	GlobalSection(SolutionConfigurationPlatforms) = preSolution
		Debug|Any CPU = Debug|Any CPU
		Release|Any CPU = Release|Any CPU
	EndGlobalSection
	GlobalSection(ProjectConfigurationPlatforms) = postSolution
		{1E3F53F0-A74E-4298-ADDF-0F2B43DAC166}.Debug|Any CPU.ActiveCfg = Debug|Any CPU
		{1E3F53F0-A74E-4298-ADDF-0F2B43DAC166}.Debug|Any CPU.Build.0 = Debug|Any CPU
		{1E3F53F0-A74E-4298-ADDF-0F2B43DAC166}.Release|Any CPU.ActiveCfg = Release|Any CPU
		{1E3F53F0-A74E-4298-ADDF-0F2B43DAC166}.Release|Any CPU.Build.0 = Release|Any CPU
		{BF3FAAE2-0ECF-411C-8D2B-AAD2DE36CF8C}.Debug|Any CPU.ActiveCfg = Debug|Any CPU
		{BF3FAAE2-0ECF-411C-8D2B-AAD2DE36CF8C}.Debug|Any CPU.Build.0 = Debug|Any CPU
		{BF3FAAE2-0ECF-411C-8D2B-AAD2DE36CF8C}.Release|Any CPU.ActiveCfg = Release|Any CPU
		{BF3FAAE2-0ECF-411C-8D2B-AAD2DE36CF8C}.Release|Any CPU.Build.0 = Release|Any CPU
	EndGlobalSection
	GlobalSection(SolutionProperties) = preSolution
		HideSolutionNode = FALSE
	EndGlobalSection
	GlobalSection(NestedProjects) = preSolution
		{BF3FAAE2-0ECF-411C-8D2B-AAD2DE36CF8C} = {650405B5-C790-4D0A-ADB9-1022149BA2E6}
	EndGlobalSection
	GlobalSection(ExtensibilityGlobals) = postSolution
		SolutionGuid = {E3A385E1-CB17-484B-B1BF-F628D72168AF}
	EndGlobalSection
EndGlobal
